
Microsoft Visual Studio Solution File, Format Version 12.00
# Visual Studio 15
VisualStudioVersion = 15.0.28307.489
MinimumVisualStudioVersion = 10.0.40219.1
Project("{FAE04EC0-301F-11D3-BF4B-00C04F79EFBC}") = "Facturatie", "Facturatie\Facturatie.csproj", "{BBC0BFD1-FDA2-47AE-A092-E2CC4A62C8DE}"
EndProject
Global
	GlobalSection(SolutionConfigurationPlatforms) = preSolution
		Debug|Any CPU = Debug|Any CPU
		Release|Any CPU = Release|Any CPU
	EndGlobalSection
	GlobalSection(ProjectConfigurationPlatforms) = postSolution
		{BBC0BFD1-FDA2-47AE-A092-E2CC4A62C8DE}.Debug|Any CPU.ActiveCfg = Debug|Any CPU
		{BBC0BFD1-FDA2-47AE-A092-E2CC4A62C8DE}.Debug|Any CPU.Build.0 = Debug|Any CPU
		{BBC0BFD1-FDA2-47AE-A092-E2CC4A62C8DE}.Release|Any CPU.ActiveCfg = Release|Any CPU
		{BBC0BFD1-FDA2-47AE-A092-E2CC4A62C8DE}.Release|Any CPU.Build.0 = Release|Any CPU
	EndGlobalSection
	GlobalSection(SolutionProperties) = preSolution
		HideSolutionNode = FALSE
	EndGlobalSection
	GlobalSection(ExtensibilityGlobals) = postSolution
		SolutionGuid = {B225897B-EE93-4FF2-BEAB-2A4B57BF1B5D}
	EndGlobalSection
EndGlobal
